
Microsoft Visual Studio Solution File, Format Version 12.00
# Visual Studio Version 17
VisualStudioVersion = 17.4.33213.308
MinimumVisualStudioVersion = 10.0.40219.1
Project("{8BC9CEB8-8B4A-11D0-8D11-00A0C91BC942}") = "Arrays", "Arrays\Arrays.vcxproj", "{2FCBF227-C3B7-4B25-9E60-D4196AA5DDC5}"
EndProject
Project("{8BC9CEB8-8B4A-11D0-8D11-00A0C91BC942}") = "Shift", "Shift\Shift.vcxproj", "{502DDB30-D956-4920-AF2D-00E51B9297EE}"
EndProject
Project("{8BC9CEB8-8B4A-11D0-8D11-00A0C91BC942}") = "Random", "Random\Random.vcxproj", "{F1A14F28-3335-4C13-B3F7-7D31058810A2}"
EndProject
Project("{8BC9CEB8-8B4A-11D0-8D11-00A0C91BC942}") = "Numerics", "Numerics\Numerics.vcxproj", "{5893552A-667C-4556-9F0D-7ADB50FD110A}"
EndProject
Project("{8BC9CEB8-8B4A-11D0-8D11-00A0C91BC942}") = "UniqueRand", "UniqueRand\UniqueRand.vcxproj", "{26B4942B-ABD9-4DC1-A557-2D344EB3B833}"
EndProject
Project("{8BC9CEB8-8B4A-11D0-8D11-00A0C91BC942}") = "Repeats", "Repeats\Repeats.vcxproj", "{6FABAE23-F62F-46CE-B883-D1486471B863}"
EndProject
Project("{8BC9CEB8-8B4A-11D0-8D11-00A0C91BC942}") = "Arrays(2)", "Arrays(2)\Arrays(2).vcxproj", "{2C9B48C7-9AD2-4B98-9B1D-69482481C200}"
EndProject
Project("{8BC9CEB8-8B4A-11D0-8D11-00A0C91BC942}") = "Matrix1", "Matrix1\Matrix1.vcxproj", "{4BE70D22-1A3E-4EB4-BC96-7AA170941E22}"
EndProject
Global
	GlobalSection(SolutionConfigurationPlatforms) = preSolution
		Debug|x64 = Debug|x64
		Debug|x86 = Debug|x86
		Release|x64 = Release|x64
		Release|x86 = Release|x86
	EndGlobalSection
	GlobalSection(ProjectConfigurationPlatforms) = postSolution
		{2FCBF227-C3B7-4B25-9E60-D4196AA5DDC5}.Debug|x64.ActiveCfg = Debug|x64
		{2FCBF227-C3B7-4B25-9E60-D4196AA5DDC5}.Debug|x64.Build.0 = Debug|x64
		{2FCBF227-C3B7-4B25-9E60-D4196AA5DDC5}.Debug|x86.ActiveCfg = Debug|Win32
		{2FCBF227-C3B7-4B25-9E60-D4196AA5DDC5}.Debug|x86.Build.0 = Debug|Win32
		{2FCBF227-C3B7-4B25-9E60-D4196AA5DDC5}.Release|x64.ActiveCfg = Release|x64
		{2FCBF227-C3B7-4B25-9E60-D4196AA5DDC5}.Release|x64.Build.0 = Release|x64
		{2FCBF227-C3B7-4B25-9E60-D4196AA5DDC5}.Release|x86.ActiveCfg = Release|Win32
		{2FCBF227-C3B7-4B25-9E60-D4196AA5DDC5}.Release|x86.Build.0 = Release|Win32
		{502DDB30-D956-4920-AF2D-00E51B9297EE}.Debug|x64.ActiveCfg = Debug|x64
		{502DDB30-D956-4920-AF2D-00E51B9297EE}.Debug|x64.Build.0 = Debug|x64
		{502DDB30-D956-4920-AF2D-00E51B9297EE}.Debug|x86.ActiveCfg = Debug|Win32
		{502DDB30-D956-4920-AF2D-00E51B9297EE}.Debug|x86.Build.0 = Debug|Win32
		{502DDB30-D956-4920-AF2D-00E51B9297EE}.Release|x64.ActiveCfg = Release|x64
		{502DDB30-D956-4920-AF2D-00E51B9297EE}.Release|x64.Build.0 = Release|x64
		{502DDB30-D956-4920-AF2D-00E51B9297EE}.Release|x86.ActiveCfg = Release|Win32
		{502DDB30-D956-4920-AF2D-00E51B9297EE}.Release|x86.Build.0 = Release|Win32
		{F1A14F28-3335-4C13-B3F7-7D31058810A2}.Debug|x64.ActiveCfg = Debug|x64
		{F1A14F28-3335-4C13-B3F7-7D31058810A2}.Debug|x64.Build.0 = Debug|x64
		{F1A14F28-3335-4C13-B3F7-7D31058810A2}.Debug|x86.ActiveCfg = Debug|Win32
		{F1A14F28-3335-4C13-B3F7-7D31058810A2}.Debug|x86.Build.0 = Debug|Win32
		{F1A14F28-3335-4C13-B3F7-7D31058810A2}.Release|x64.ActiveCfg = Release|x64
		{F1A14F28-3335-4C13-B3F7-7D31058810A2}.Release|x64.Build.0 = Release|x64
		{F1A14F28-3335-4C13-B3F7-7D31058810A2}.Release|x86.ActiveCfg = Release|Win32
		{F1A14F28-3335-4C13-B3F7-7D31058810A2}.Release|x86.Build.0 = Release|Win32
		{5893552A-667C-4556-9F0D-7ADB50FD110A}.Debug|x64.ActiveCfg = Debug|x64
		{5893552A-667C-4556-9F0D-7ADB50FD110A}.Debug|x64.Build.0 = Debug|x64
		{5893552A-667C-4556-9F0D-7ADB50FD110A}.Debug|x86.ActiveCfg = Debug|Win32
		{5893552A-667C-4556-9F0D-7ADB50FD110A}.Debug|x86.Build.0 = Debug|Win32
		{5893552A-667C-4556-9F0D-7ADB50FD110A}.Release|x64.ActiveCfg = Release|x64
		{5893552A-667C-4556-9F0D-7ADB50FD110A}.Release|x64.Build.0 = Release|x64
		{5893552A-667C-4556-9F0D-7ADB50FD110A}.Release|x86.ActiveCfg = Release|Win32
		{5893552A-667C-4556-9F0D-7ADB50FD110A}.Release|x86.Build.0 = Release|Win32
		{26B4942B-ABD9-4DC1-A557-2D344EB3B833}.Debug|x64.ActiveCfg = Debug|x64
		{26B4942B-ABD9-4DC1-A557-2D344EB3B833}.Debug|x64.Build.0 = Debug|x64
		{26B4942B-ABD9-4DC1-A557-2D344EB3B833}.Debug|x86.ActiveCfg = Debug|Win32
		{26B4942B-ABD9-4DC1-A557-2D344EB3B833}.Debug|x86.Build.0 = Debug|Win32
		{26B4942B-ABD9-4DC1-A557-2D344EB3B833}.Release|x64.ActiveCfg = Release|x64
		{26B4942B-ABD9-4DC1-A557-2D344EB3B833}.Release|x64.Build.0 = Release|x64
		{26B4942B-ABD9-4DC1-A557-2D344EB3B833}.Release|x86.ActiveCfg = Release|Win32
		{26B4942B-ABD9-4DC1-A557-2D344EB3B833}.Release|x86.Build.0 = Release|Win32
		{6FABAE23-F62F-46CE-B883-D1486471B863}.Debug|x64.ActiveCfg = Debug|x64
		{6FABAE23-F62F-46CE-B883-D1486471B863}.Debug|x64.Build.0 = Debug|x64
		{6FABAE23-F62F-46CE-B883-D1486471B863}.Debug|x86.ActiveCfg = Debug|Win32
		{6FABAE23-F62F-46CE-B883-D1486471B863}.Debug|x86.Build.0 = Debug|Win32
		{6FABAE23-F62F-46CE-B883-D1486471B863}.Release|x64.ActiveCfg = Release|x64
		{6FABAE23-F62F-46CE-B883-D1486471B863}.Release|x64.Build.0 = Release|x64
		{6FABAE23-F62F-46CE-B883-D1486471B863}.Release|x86.ActiveCfg = Release|Win32
		{6FABAE23-F62F-46CE-B883-D1486471B863}.Release|x86.Build.0 = Release|Win32
		{2C9B48C7-9AD2-4B98-9B1D-69482481C200}.Debug|x64.ActiveCfg = Debug|x64
		{2C9B48C7-9AD2-4B98-9B1D-69482481C200}.Debug|x64.Build.0 = Debug|x64
		{2C9B48C7-9AD2-4B98-9B1D-69482481C200}.Debug|x86.ActiveCfg = Debug|Win32
		{2C9B48C7-9AD2-4B98-9B1D-69482481C200}.Debug|x86.Build.0 = Debug|Win32
		{2C9B48C7-9AD2-4B98-9B1D-69482481C200}.Release|x64.ActiveCfg = Release|x64
		{2C9B48C7-9AD2-4B98-9B1D-69482481C200}.Release|x64.Build.0 = Release|x64
		{2C9B48C7-9AD2-4B98-9B1D-69482481C200}.Release|x86.ActiveCfg = Release|Win32
		{2C9B48C7-9AD2-4B98-9B1D-69482481C200}.Release|x86.Build.0 = Release|Win32
		{4BE70D22-1A3E-4EB4-BC96-7AA170941E22}.Debug|x64.ActiveCfg = Debug|x64
		{4BE70D22-1A3E-4EB4-BC96-7AA170941E22}.Debug|x64.Build.0 = Debug|x64
		{4BE70D22-1A3E-4EB4-BC96-7AA170941E22}.Debug|x86.ActiveCfg = Debug|Win32
		{4BE70D22-1A3E-4EB4-BC96-7AA170941E22}.Debug|x86.Build.0 = Debug|Win32
		{4BE70D22-1A3E-4EB4-BC96-7AA170941E22}.Release|x64.ActiveCfg = Release|x64
		{4BE70D22-1A3E-4EB4-BC96-7AA170941E22}.Release|x64.Build.0 = Release|x64
		{4BE70D22-1A3E-4EB4-BC96-7AA170941E22}.Release|x86.ActiveCfg = Release|Win32
		{4BE70D22-1A3E-4EB4-BC96-7AA170941E22}.Release|x86.Build.0 = Release|Win32
	EndGlobalSection
	GlobalSection(SolutionProperties) = preSolution
		HideSolutionNode = FALSE
	EndGlobalSection
	GlobalSection(ExtensibilityGlobals) = postSolution
		SolutionGuid = {366D186E-259D-4BF6-AC21-316020B5AA0E}
	EndGlobalSection
EndGlobal
